
Microsoft Visual Studio Solution File, Format Version 12.00
# Visual Studio Version 17
VisualStudioVersion = 17.5.33414.496
MinimumVisualStudioVersion = 10.0.40219.1
Project("{FAE04EC0-301F-11D3-BF4B-00C04F79EFBC}") = "tpmod9_1302210009", "tpmod9_1302210009\tpmod9_1302210009.csproj", "{EB118051-F6E6-4D49-8852-6819766CFE29}"
EndProject
Global
	GlobalSection(SolutionConfigurationPlatforms) = preSolution
		Debug|Any CPU = Debug|Any CPU
		Release|Any CPU = Release|Any CPU
	EndGlobalSection
	GlobalSection(ProjectConfigurationPlatforms) = postSolution
		{EB118051-F6E6-4D49-8852-6819766CFE29}.Debug|Any CPU.ActiveCfg = Debug|Any CPU
		{EB118051-F6E6-4D49-8852-6819766CFE29}.Debug|Any CPU.Build.0 = Debug|Any CPU
		{EB118051-F6E6-4D49-8852-6819766CFE29}.Release|Any CPU.ActiveCfg = Release|Any CPU
		{EB118051-F6E6-4D49-8852-6819766CFE29}.Release|Any CPU.Build.0 = Release|Any CPU
	EndGlobalSection
	GlobalSection(SolutionProperties) = preSolution
		HideSolutionNode = FALSE
	EndGlobalSection
	GlobalSection(ExtensibilityGlobals) = postSolution
		SolutionGuid = {D8CB2AE9-E35D-4D1E-A60D-4C032EF2C1AA}
	EndGlobalSection
EndGlobal
